
Microsoft Visual Studio Solution File, Format Version 12.00
# Visual Studio Version 17
VisualStudioVersion = 17.6.33829.357
MinimumVisualStudioVersion = 10.0.40219.1
Project("{FAE04EC0-301F-11D3-BF4B-00C04F79EFBC}") = "Sports_Assignment3", "Sports_Assignment3.csproj", "{3B2105B9-8692-4C19-BAC7-6668C80F1106}"
EndProject
Global
	GlobalSection(SolutionConfigurationPlatforms) = preSolution
		Debug|Any CPU = Debug|Any CPU
		Release|Any CPU = Release|Any CPU
	EndGlobalSection
	GlobalSection(ProjectConfigurationPlatforms) = postSolution
		{3B2105B9-8692-4C19-BAC7-6668C80F1106}.Debug|Any CPU.ActiveCfg = Debug|Any CPU
		{3B2105B9-8692-4C19-BAC7-6668C80F1106}.Debug|Any CPU.Build.0 = Debug|Any CPU
		{3B2105B9-8692-4C19-BAC7-6668C80F1106}.Release|Any CPU.ActiveCfg = Release|Any CPU
		{3B2105B9-8692-4C19-BAC7-6668C80F1106}.Release|Any CPU.Build.0 = Release|Any CPU
	EndGlobalSection
	GlobalSection(SolutionProperties) = preSolution
		HideSolutionNode = FALSE
	EndGlobalSection
	GlobalSection(ExtensibilityGlobals) = postSolution
		SolutionGuid = {A7AEECF9-0381-445E-9907-9CDF69387797}
	EndGlobalSection
EndGlobal
